
Microsoft Visual Studio Solution File, Format Version 12.00
# Visual Studio Version 16
VisualStudioVersion = 16.0.29102.190
MinimumVisualStudioVersion = 10.0.40219.1
Project("{FAE04EC0-301F-11D3-BF4B-00C04F79EFBC}") = "ShinseiChiller", "ShinseiChiller.csproj", "{1E003DF5-0AFA-4146-B897-CFE3D204F092}"
EndProject
Global
	GlobalSection(SolutionConfigurationPlatforms) = preSolution
		Debug|Any CPU = Debug|Any CPU
		Release|Any CPU = Release|Any CPU
	EndGlobalSection
	GlobalSection(ProjectConfigurationPlatforms) = postSolution
		{1E003DF5-0AFA-4146-B897-CFE3D204F092}.Debug|Any CPU.ActiveCfg = Debug|Any CPU
		{1E003DF5-0AFA-4146-B897-CFE3D204F092}.Debug|Any CPU.Build.0 = Debug|Any CPU
		{1E003DF5-0AFA-4146-B897-CFE3D204F092}.Release|Any CPU.ActiveCfg = Release|Any CPU
		{1E003DF5-0AFA-4146-B897-CFE3D204F092}.Release|Any CPU.Build.0 = Release|Any CPU
	EndGlobalSection
	GlobalSection(SolutionProperties) = preSolution
		HideSolutionNode = FALSE
	EndGlobalSection
	GlobalSection(ExtensibilityGlobals) = postSolution
		SolutionGuid = {114DF10B-66AB-4373-B5F2-E13BEF57FF66}
	EndGlobalSection
EndGlobal
